<?xml version="1.0" encoding="utf-8"?>
<Project ToolsVersion="4.0" xmlns="http://schemas.microsoft.com/developer/msbuild/2003">
  <ItemGroup>
    <ClCompile Include="Zadanie_2.9.cpp" />
    <ClCompile Include="My_Vector.cpp">
      <Filter>Исходные файлы</Filter>
    </ClCompile>
  </ItemGroup>
  <ItemGroup>
    <Filter Include="Исходные файлы">
      <UniqueIdentifier>{37e1125c-39a8-4a04-a2b5-bcb7537cf95c}</UniqueIdentifier>
    </Filter>
    <Filter Include="Файлы загововков">
      <UniqueIdentifier>{1f752c83-9021-4850-b084-7efdf977045d}</UniqueIdentifier>
    </Filter>
  </ItemGroup>
  <ItemGroup>
    <ClInclude Include="My_Vector.h">
      <Filter>Файлы загововков</Filter>
    </ClInclude>
  </ItemGroup>
</Project>